// !$*UTF8*$!
{
	archiveVersion = 1;
	classes = {
	};
	objectVersion = 46;
	objects = {

/* Begin PBXBuildFile section */
		2204F16D1BE9B1B7004D93FE /* WBNavigationController.m in Sources */ = {isa = PBXBuildFile; fileRef = 2204F16C1BE9B1B7004D93FE /* WBNavigationController.m */; };
		2204F1731BE9B441004D93FE /* WBProfileViewController.m in Sources */ = {isa = PBXBuildFile; fileRef = 2204F1721BE9B441004D93FE /* WBProfileViewController.m */; };
		2204F1761BE9B458004D93FE /* WBMessageViewController.m in Sources */ = {isa = PBXBuildFile; fileRef = 2204F1751BE9B458004D93FE /* WBMessageViewController.m */; };
		2204F1791BE9B46C004D93FE /* WBDiscoverViewController.m in Sources */ = {isa = PBXBuildFile; fileRef = 2204F1781BE9B46C004D93FE /* WBDiscoverViewController.m */; };
		2204F17C1BE9B481004D93FE /* WBHomeViewController.m in Sources */ = {isa = PBXBuildFile; fileRef = 2204F17B1BE9B481004D93FE /* WBHomeViewController.m */; };
		221441B61BE864D300DC2789 /* UIView+frame.m in Sources */ = {isa = PBXBuildFile; fileRef = 221441B51BE864D300DC2789 /* UIView+frame.m */; };
		2289D5C71BE7849900D03EED /* WBTabBarButton.m in Sources */ = {isa = PBXBuildFile; fileRef = 2289D5C61BE7849900D03EED /* WBTabBarButton.m */; };
		2289D5CA1BE784CA00D03EED /* WBbadgeView.m in Sources */ = {isa = PBXBuildFile; fileRef = 2289D5C91BE784CA00D03EED /* WBbadgeView.m */; };
		22A872DC1BE3A1C800FB540D /* WBTabBarController.m in Sources */ = {isa = PBXBuildFile; fileRef = 22A872C81BE3A1C800FB540D /* WBTabBarController.m */; };
		22A872DD1BE3A1C800FB540D /* WBTabBar.m in Sources */ = {isa = PBXBuildFile; fileRef = 22A872CC1BE3A1C800FB540D /* WBTabBar.m */; };
		22A872DE1BE3A1C800FB540D /* AppDelegate.m in Sources */ = {isa = PBXBuildFile; fileRef = 22A872D31BE3A1C800FB540D /* AppDelegate.m */; };
		22A872DF1BE3A1C800FB540D /* UIImage+WBimage.m in Sources */ = {isa = PBXBuildFile; fileRef = 22A872D61BE3A1C800FB540D /* UIImage+WBimage.m */; };
		22A872E01BE3A1C800FB540D /* main.m in Sources */ = {isa = PBXBuildFile; fileRef = 22A872D71BE3A1C800FB540D /* main.m */; };
		22F1A22F1BE30B0F00093192 /* UIKit.framework in Frameworks */ = {isa = PBXBuildFile; fileRef = 22F1A22E1BE30B0F00093192 /* UIKit.framework */; };
		22FE7E3A1BE100DA002B30A1 /* Assets.xcassets in Resources */ = {isa = PBXBuildFile; fileRef = 22FE7E391BE100DA002B30A1 /* Assets.xcassets */; };
		22FE7E3D1BE100DA002B30A1 /* LaunchScreen.storyboard in Resources */ = {isa = PBXBuildFile; fileRef = 22FE7E3B1BE100DA002B30A1 /* LaunchScreen.storyboard */; };
		22FE7E481BE100DA002B30A1 /* shenyi___Tests.m in Sources */ = {isa = PBXBuildFile; fileRef = 22FE7E471BE100DA002B30A1 /* shenyi___Tests.m */; };
		22FE7E531BE100DA002B30A1 /* shenyi___UITests.m in Sources */ = {isa = PBXBuildFile; fileRef = 22FE7E521BE100DA002B30A1 /* shenyi___UITests.m */; };
/* End PBXBuildFile section */

/* Begin PBXContainerItemProxy section */
		22FE7E441BE100DA002B30A1 /* PBXContainerItemProxy */ = {
			isa = PBXContainerItemProxy;
			containerPortal = 22FE7E221BE100DA002B30A1 /* Project object */;
			proxyType = 1;
			remoteGlobalIDString = 22FE7E291BE100DA002B30A1;
			remoteInfo = "shenyi 微博";
		};
		22FE7E4F1BE100DA002B30A1 /* PBXContainerItemProxy */ = {
			isa = PBXContainerItemProxy;
			containerPortal = 22FE7E221BE100DA002B30A1 /* Project object */;
			proxyType = 1;
			remoteGlobalIDString = 22FE7E291BE100DA002B30A1;
			remoteInfo = "shenyi 微博";
		};
/* End PBXContainerItemProxy section */

/* Begin PBXFileReference section */
		2204F16B1BE9B1B7004D93FE /* WBNavigationController.h */ = {isa = PBXFileReference; fileEncoding = 4; lastKnownFileType = sourcecode.c.h; path = WBNavigationController.h; sourceTree = "<group>"; };
		2204F16C1BE9B1B7004D93FE /* WBNavigationController.m */ = {isa = PBXFileReference; fileEncoding = 4; lastKnownFileType = sourcecode.c.objc; path = WBNavigationController.m; sourceTree = "<group>"; };
		2204F1711BE9B441004D93FE /* WBProfileViewController.h */ = {isa = PBXFileReference; fileEncoding = 4; lastKnownFileType = sourcecode.c.h; path = WBProfileViewController.h; sourceTree = "<group>"; };
		2204F1721BE9B441004D93FE /* WBProfileViewController.m */ = {isa = PBXFileReference; fileEncoding = 4; lastKnownFileType = sourcecode.c.objc; path = WBProfileViewController.m; sourceTree = "<group>"; };
		2204F1741BE9B458004D93FE /* WBMessageViewController.h */ = {isa = PBXFileReference; fileEncoding = 4; lastKnownFileType = sourcecode.c.h; path = WBMessageViewController.h; sourceTree = "<group>"; };
		2204F1751BE9B458004D93FE /* WBMessageViewController.m */ = {isa = PBXFileReference; fileEncoding = 4; lastKnownFileType = sourcecode.c.objc; path = WBMessageViewController.m; sourceTree = "<group>"; };
		2204F1771BE9B46C004D93FE /* WBDiscoverViewController.h */ = {isa = PBXFileReference; fileEncoding = 4; lastKnownFileType = sourcecode.c.h; path = WBDiscoverViewController.h; sourceTree = "<group>"; };
		2204F1781BE9B46C004D93FE /* WBDiscoverViewController.m */ = {isa = PBXFileReference; fileEncoding = 4; lastKnownFileType = sourcecode.c.objc; path = WBDiscoverViewController.m; sourceTree = "<group>"; };
		2204F17A1BE9B481004D93FE /* WBHomeViewController.h */ = {isa = PBXFileReference; fileEncoding = 4; lastKnownFileType = sourcecode.c.h; path = WBHomeViewController.h; sourceTree = "<group>"; };
		2204F17B1BE9B481004D93FE /* WBHomeViewController.m */ = {isa = PBXFileReference; fileEncoding = 4; lastKnownFileType = sourcecode.c.objc; path = WBHomeViewController.m; sourceTree = "<group>"; };
		221441B41BE864D300DC2789 /* UIView+frame.h */ = {isa = PBXFileReference; fileEncoding = 4; lastKnownFileType = sourcecode.c.h; name = "UIView+frame.h"; path = "../../../../UIView+frame.h"; sourceTree = "<group>"; };
		221441B51BE864D300DC2789 /* UIView+frame.m */ = {isa = PBXFileReference; fileEncoding = 4; lastKnownFileType = sourcecode.c.objc; name = "UIView+frame.m"; path = "../../../../UIView+frame.m"; sourceTree = "<group>"; };
		226D652B1BEA2E1A0046B104 /* WB.pch */ = {isa = PBXFileReference; lastKnownFileType = sourcecode.c.h; path = WB.pch; sourceTree = "<group>"; };
		2289D5C51BE7849900D03EED /* WBTabBarButton.h */ = {isa = PBXFileReference; fileEncoding = 4; lastKnownFileType = sourcecode.c.h; path = WBTabBarButton.h; sourceTree = "<group>"; };
		2289D5C61BE7849900D03EED /* WBTabBarButton.m */ = {isa = PBXFileReference; fileEncoding = 4; lastKnownFileType = sourcecode.c.objc; path = WBTabBarButton.m; sourceTree = "<group>"; };
		2289D5C81BE784CA00D03EED /* WBbadgeView.h */ = {isa = PBXFileReference; fileEncoding = 4; lastKnownFileType = sourcecode.c.h; path = WBbadgeView.h; sourceTree = "<group>"; };
		2289D5C91BE784CA00D03EED /* WBbadgeView.m */ = {isa = PBXFileReference; fileEncoding = 4; lastKnownFileType = sourcecode.c.objc; path = WBbadgeView.m; sourceTree = "<group>"; };
		22A872C71BE3A1C800FB540D /* WBTabBarController.h */ = {isa = PBXFileReference; fileEncoding = 4; lastKnownFileType = sourcecode.c.h; path = WBTabBarController.h; sourceTree = "<group>"; };
		22A872C81BE3A1C800FB540D /* WBTabBarController.m */ = {isa = PBXFileReference; fileEncoding = 4; lastKnownFileType = sourcecode.c.objc; path = WBTabBarController.m; sourceTree = "<group>"; };
		22A872CB1BE3A1C800FB540D /* WBTabBar.h */ = {isa = PBXFileReference; fileEncoding = 4; lastKnownFileType = sourcecode.c.h; path = WBTabBar.h; sourceTree = "<group>"; };
		22A872CC1BE3A1C800FB540D /* WBTabBar.m */ = {isa = PBXFileReference; fileEncoding = 4; lastKnownFileType = sourcecode.c.objc; path = WBTabBar.m; sourceTree = "<group>"; };
		22A872D21BE3A1C800FB540D /* AppDelegate.h */ = {isa = PBXFileReference; fileEncoding = 4; lastKnownFileType = sourcecode.c.h; path = AppDelegate.h; sourceTree = "<group>"; };
		22A872D31BE3A1C800FB540D /* AppDelegate.m */ = {isa = PBXFileReference; fileEncoding = 4; lastKnownFileType = sourcecode.c.objc; path = AppDelegate.m; sourceTree = "<group>"; };
		22A872D51BE3A1C800FB540D /* UIImage+WBimage.h */ = {isa = PBXFileReference; fileEncoding = 4; lastKnownFileType = sourcecode.c.h; path = "UIImage+WBimage.h"; sourceTree = "<group>"; };
		22A872D61BE3A1C800FB540D /* UIImage+WBimage.m */ = {isa = PBXFileReference; fileEncoding = 4; lastKnownFileType = sourcecode.c.objc; path = "UIImage+WBimage.m"; sourceTree = "<group>"; };
		22A872D71BE3A1C800FB540D /* main.m */ = {isa = PBXFileReference; fileEncoding = 4; lastKnownFileType = sourcecode.c.objc; path = main.m; sourceTree = "<group>"; };
		22F1A22E1BE30B0F00093192 /* UIKit.framework */ = {isa = PBXFileReference; lastKnownFileType = wrapper.framework; name = UIKit.framework; path = System/Library/Frameworks/UIKit.framework; sourceTree = SDKROOT; };
		22FE7E2A1BE100DA002B30A1 /* shenyi 微博.app */ = {isa = PBXFileReference; explicitFileType = wrapper.application; includeInIndex = 0; path = "shenyi 微博.app"; sourceTree = BUILT_PRODUCTS_DIR; };
		22FE7E391BE100DA002B30A1 /* Assets.xcassets */ = {isa = PBXFileReference; lastKnownFileType = folder.assetcatalog; path = Assets.xcassets; sourceTree = "<group>"; };
		22FE7E3C1BE100DA002B30A1 /* Base */ = {isa = PBXFileReference; lastKnownFileType = file.storyboard; name = Base; path = Base.lproj/LaunchScreen.storyboard; sourceTree = "<group>"; };
		22FE7E3E1BE100DA002B30A1 /* Info.plist */ = {isa = PBXFileReference; lastKnownFileType = text.plist.xml; path = Info.plist; sourceTree = "<group>"; };
		22FE7E431BE100DA002B30A1 /* shenyi 微博.xctest */ = {isa = PBXFileReference; explicitFileType = wrapper.cfbundle; includeInIndex = 0; path = "shenyi 微博.xctest"; sourceTree = BUILT_PRODUCTS_DIR; };
		22FE7E471BE100DA002B30A1 /* shenyi___Tests.m */ = {isa = PBXFileReference; lastKnownFileType = sourcecode.c.objc; path = "shenyi___Tests.m"; sourceTree = "<group>"; };
		22FE7E491BE100DA002B30A1 /* Info.plist */ = {isa = PBXFileReference; lastKnownFileType = text.plist.xml; path = Info.plist; sourceTree = "<group>"; };
		22FE7E4E1BE100DA002B30A1 /* shenyi 微博.xctest */ = {isa = PBXFileReference; explicitFileType = wrapper.cfbundle; includeInIndex = 0; path = "shenyi 微博.xctest"; sourceTree = BUILT_PRODUCTS_DIR; };
		22FE7E521BE100DA002B30A1 /* shenyi___UITests.m */ = {isa = PBXFileReference; lastKnownFileType = sourcecode.c.objc; path = "shenyi___UITests.m"; sourceTree = "<group>"; };
		22FE7E541BE100DA002B30A1 /* Info.plist */ = {isa = PBXFileReference; lastKnownFileType = text.plist.xml; path = Info.plist; sourceTree = "<group>"; };
/* End PBXFileReference section */

/* Begin PBXFrameworksBuildPhase section */
		22FE7E271BE100DA002B30A1 /* Frameworks */ = {
			isa = PBXFrameworksBuildPhase;
			buildActionMask = 2147483647;
			files = (
				22F1A22F1BE30B0F00093192 /* UIKit.framework in Frameworks */,
			);
			runOnlyForDeploymentPostprocessing = 0;
		};
		22FE7E401BE100DA002B30A1 /* Frameworks */ = {
			isa = PBXFrameworksBuildPhase;
			buildActionMask = 2147483647;
			files = (
			);
			runOnlyForDeploymentPostprocessing = 0;
		};
		22FE7E4B1BE100DA002B30A1 /* Frameworks */ = {
			isa = PBXFrameworksBuildPhase;
			buildActionMask = 2147483647;
			files = (
			);
			runOnlyForDeploymentPostprocessing = 0;
		};
/* End PBXFrameworksBuildPhase section */

/* Begin PBXGroup section */
		22A872BC1BE3A1C800FB540D /* Classes */ = {
			isa = PBXGroup;
			children = (
				22A872D81BE3A1C800FB540D /* profile我 */,
				22A872CD1BE3A1C800FB540D /* message消息 */,
				22A872BD1BE3A1C800FB540D /* discover发现 */,
				22A872C11BE3A1C800FB540D /* home主页 */,
				22A872C51BE3A1C800FB540D /* Main */,
				22A872D11BE3A1C800FB540D /* Other */,
			);
			path = Classes;
			sourceTree = "<group>";
		};
		22A872BD1BE3A1C800FB540D /* discover发现 */ = {
			isa = PBXGroup;
			children = (
				22A872BE1BE3A1C800FB540D /* Controller */,
				22A872BF1BE3A1C800FB540D /* Model */,
				22A872C01BE3A1C800FB540D /* View */,
			);
			path = "discover发现";
			sourceTree = "<group>";
		};
		22A872BE1BE3A1C800FB540D /* Controller */ = {
			isa = PBXGroup;
			children = (
				2204F1771BE9B46C004D93FE /* WBDiscoverViewController.h */,
				2204F1781BE9B46C004D93FE /* WBDiscoverViewController.m */,
			);
			path = Controller;
			sourceTree = "<group>";
		};
		22A872BF1BE3A1C800FB540D /* Model */ = {
			isa = PBXGroup;
			children = (
			);
			path = Model;
			sourceTree = "<group>";
		};
		22A872C01BE3A1C800FB540D /* View */ = {
			isa = PBXGroup;
			children = (
			);
			path = View;
			sourceTree = "<group>";
		};
		22A872C11BE3A1C800FB540D /* home主页 */ = {
			isa = PBXGroup;
			children = (
				22A872C21BE3A1C800FB540D /* Controller */,
				22A872C31BE3A1C800FB540D /* Model */,
				22A872C41BE3A1C800FB540D /* View */,
			);
			path = "home主页";
			sourceTree = "<group>";
		};
		22A872C21BE3A1C800FB540D /* Controller */ = {
			isa = PBXGroup;
			children = (
				2204F17A1BE9B481004D93FE /* WBHomeViewController.h */,
				2204F17B1BE9B481004D93FE /* WBHomeViewController.m */,
			);
			path = Controller;
			sourceTree = "<group>";
		};
		22A872C31BE3A1C800FB540D /* Model */ = {
			isa = PBXGroup;
			children = (
			);
			path = Model;
			sourceTree = "<group>";
		};
		22A872C41BE3A1C800FB540D /* View */ = {
			isa = PBXGroup;
			children = (
			);
			path = View;
			sourceTree = "<group>";
		};
		22A872C51BE3A1C800FB540D /* Main */ = {
			isa = PBXGroup;
			children = (
				22A872C61BE3A1C800FB540D /* Controller */,
				22A872C91BE3A1C800FB540D /* Model */,
				22A872CA1BE3A1C800FB540D /* View */,
			);
			path = Main;
			sourceTree = "<group>";
		};
		22A872C61BE3A1C800FB540D /* Controller */ = {
			isa = PBXGroup;
			children = (
				22A872C71BE3A1C800FB540D /* WBTabBarController.h */,
				22A872C81BE3A1C800FB540D /* WBTabBarController.m */,
				2204F16B1BE9B1B7004D93FE /* WBNavigationController.h */,
				2204F16C1BE9B1B7004D93FE /* WBNavigationController.m */,
			);
			path = Controller;
			sourceTree = "<group>";
		};
		22A872C91BE3A1C800FB540D /* Model */ = {
			isa = PBXGroup;
			children = (
			);
			path = Model;
			sourceTree = "<group>";
		};
		22A872CA1BE3A1C800FB540D /* View */ = {
			isa = PBXGroup;
			children = (
				22A872CB1BE3A1C800FB540D /* WBTabBar.h */,
				22A872CC1BE3A1C800FB540D /* WBTabBar.m */,
				2289D5C51BE7849900D03EED /* WBTabBarButton.h */,
				2289D5C61BE7849900D03EED /* WBTabBarButton.m */,
				2289D5C81BE784CA00D03EED /* WBbadgeView.h */,
				2289D5C91BE784CA00D03EED /* WBbadgeView.m */,
			);
			path = View;
			sourceTree = "<group>";
		};
		22A872CD1BE3A1C800FB540D /* message消息 */ = {
			isa = PBXGroup;
			children = (
				22A872CE1BE3A1C800FB540D /* Controller */,
				22A872CF1BE3A1C800FB540D /* Model */,
				22A872D01BE3A1C800FB540D /* View */,
			);
			path = "message消息";
			sourceTree = "<group>";
		};
		22A872CE1BE3A1C800FB540D /* Controller */ = {
			isa = PBXGroup;
			children = (
				2204F1741BE9B458004D93FE /* WBMessageViewController.h */,
				2204F1751BE9B458004D93FE /* WBMessageViewController.m */,
			);
			path = Controller;
			sourceTree = "<group>";
		};
		22A872CF1BE3A1C800FB540D /* Model */ = {
			isa = PBXGroup;
			children = (
			);
			path = Model;
			sourceTree = "<group>";
		};
		22A872D01BE3A1C800FB540D /* View */ = {
			isa = PBXGroup;
			children = (
			);
			path = View;
			sourceTree = "<group>";
		};
		22A872D11BE3A1C800FB540D /* Other */ = {
			isa = PBXGroup;
			children = (
				22A872D21BE3A1C800FB540D /* AppDelegate.h */,
				22A872D31BE3A1C800FB540D /* AppDelegate.m */,
				22A872D41BE3A1C800FB540D /* Category */,
				22A872D71BE3A1C800FB540D /* main.m */,
				226D652B1BEA2E1A0046B104 /* WB.pch */,
			);
			path = Other;
			sourceTree = "<group>";
		};
		22A872D41BE3A1C800FB540D /* Category */ = {
			isa = PBXGroup;
			children = (
				22A872D51BE3A1C800FB540D /* UIImage+WBimage.h */,
				22A872D61BE3A1C800FB540D /* UIImage+WBimage.m */,
				221441B41BE864D300DC2789 /* UIView+frame.h */,
				221441B51BE864D300DC2789 /* UIView+frame.m */,
			);
			path = Category;
			sourceTree = "<group>";
		};
		22A872D81BE3A1C800FB540D /* profile我 */ = {
			isa = PBXGroup;
			children = (
				22A872D91BE3A1C800FB540D /* Controller */,
				22A872DA1BE3A1C800FB540D /* Model */,
				22A872DB1BE3A1C800FB540D /* View */,
			);
			path = "profile我";
			sourceTree = "<group>";
		};
		22A872D91BE3A1C800FB540D /* Controller */ = {
			isa = PBXGroup;
			children = (
				2204F1711BE9B441004D93FE /* WBProfileViewController.h */,
				2204F1721BE9B441004D93FE /* WBProfileViewController.m */,
			);
			path = Controller;
			sourceTree = "<group>";
		};
		22A872DA1BE3A1C800FB540D /* Model */ = {
			isa = PBXGroup;
			children = (
			);
			path = Model;
			sourceTree = "<group>";
		};
		22A872DB1BE3A1C800FB540D /* View */ = {
			isa = PBXGroup;
			children = (
			);
			path = View;
			sourceTree = "<group>";
		};
		22FE7E211BE100DA002B30A1 = {
			isa = PBXGroup;
			children = (
				22F1A22E1BE30B0F00093192 /* UIKit.framework */,
				22FE7E2C1BE100DA002B30A1 /* shenyiWB */,
				22FE7E461BE100DA002B30A1 /* shenyi 微博Tests */,
				22FE7E511BE100DA002B30A1 /* shenyi 微博UITests */,
				22FE7E2B1BE100DA002B30A1 /* Products */,
			);
			sourceTree = "<group>";
		};
		22FE7E2B1BE100DA002B30A1 /* Products */ = {
			isa = PBXGroup;
			children = (
				22FE7E2A1BE100DA002B30A1 /* shenyi 微博.app */,
				22FE7E431BE100DA002B30A1 /* shenyi 微博.xctest */,
				22FE7E4E1BE100DA002B30A1 /* shenyi 微博.xctest */,
			);
			name = Products;
			sourceTree = "<group>";
		};
		22FE7E2C1BE100DA002B30A1 /* shenyiWB */ = {
			isa = PBXGroup;
			children = (
				22FE7E391BE100DA002B30A1 /* Assets.xcassets */,
				22A872BC1BE3A1C800FB540D /* Classes */,
				22FE7E3B1BE100DA002B30A1 /* LaunchScreen.storyboard */,
				22FE7E3E1BE100DA002B30A1 /* Info.plist */,
				22FE7E2D1BE100DA002B30A1 /* Supporting Files */,
			);
			name = shenyiWB;
			path = "shenyi 微博";
			sourceTree = "<group>";
		};
		22FE7E2D1BE100DA002B30A1 /* Supporting Files */ = {
			isa = PBXGroup;
			children = (
			);
			name = "Supporting Files";
			sourceTree = "<group>";
		};
		22FE7E461BE100DA002B30A1 /* shenyi 微博Tests */ = {
			isa = PBXGroup;
			children = (
				22FE7E471BE100DA002B30A1 /* shenyi___Tests.m */,
				22FE7E491BE100DA002B30A1 /* Info.plist */,
			);
			path = "shenyi 微博Tests";
			sourceTree = "<group>";
		};
		22FE7E511BE100DA002B30A1 /* shenyi 微博UITests */ = {
			isa = PBXGroup;
			children = (
				22FE7E521BE100DA002B30A1 /* shenyi___UITests.m */,
				22FE7E541BE100DA002B30A1 /* Info.plist */,
			);
			path = "shenyi 微博UITests";
			sourceTree = "<group>";
		};
/* End PBXGroup section */

/* Begin PBXNativeTarget section */
		22FE7E291BE100DA002B30A1 /* shenyi 微博 */ = {
			isa = PBXNativeTarget;
			buildConfigurationList = 22FE7E571BE100DA002B30A1 /* Build configuration list for PBXNativeTarget "shenyi 微博" */;
			buildPhases = (
				22FE7E261BE100DA002B30A1 /* Sources */,
				22FE7E271BE100DA002B30A1 /* Frameworks */,
				22FE7E281BE100DA002B30A1 /* Resources */,
			);
			buildRules = (
			);
			dependencies = (
			);
			name = "shenyi 微博";
			productName = "shenyi 微博";
			productReference = 22FE7E2A1BE100DA002B30A1 /* shenyi 微博.app */;
			productType = "com.apple.product-type.application";
		};
		22FE7E421BE100DA002B30A1 /* shenyi 微博Tests */ = {
			isa = PBXNativeTarget;
			buildConfigurationList = 22FE7E5A1BE100DA002B30A1 /* Build configuration list for PBXNativeTarget "shenyi 微博Tests" */;
			buildPhases = (
				22FE7E3F1BE100DA002B30A1 /* Sources */,
				22FE7E401BE100DA002B30A1 /* Frameworks */,
				22FE7E411BE100DA002B30A1 /* Resources */,
			);
			buildRules = (
			);
			dependencies = (
				22FE7E451BE100DA002B30A1 /* PBXTargetDependency */,
			);
			name = "shenyi 微博Tests";
			productName = "shenyi 微博Tests";
			productReference = 22FE7E431BE100DA002B30A1 /* shenyi 微博.xctest */;
			productType = "com.apple.product-type.bundle.unit-test";
		};
		22FE7E4D1BE100DA002B30A1 /* shenyi 微博UITests */ = {
			isa = PBXNativeTarget;
			buildConfigurationList = 22FE7E5D1BE100DA002B30A1 /* Build configuration list for PBXNativeTarget "shenyi 微博UITests" */;
			buildPhases = (
				22FE7E4A1BE100DA002B30A1 /* Sources */,
				22FE7E4B1BE100DA002B30A1 /* Frameworks */,
				22FE7E4C1BE100DA002B30A1 /* Resources */,
			);
			buildRules = (
			);
			dependencies = (
				22FE7E501BE100DA002B30A1 /* PBXTargetDependency */,
			);
			name = "shenyi 微博UITests";
			productName = "shenyi 微博UITests";
			productReference = 22FE7E4E1BE100DA002B30A1 /* shenyi 微博.xctest */;
			productType = "com.apple.product-type.bundle.ui-testing";
		};
/* End PBXNativeTarget section */

/* Begin PBXProject section */
		22FE7E221BE100DA002B30A1 /* Project object */ = {
			isa = PBXProject;
			attributes = {
				CLASSPREFIX = WB;
				LastUpgradeCheck = 0710;
				ORGANIZATIONNAME = "apple-jd30";
				TargetAttributes = {
					22FE7E291BE100DA002B30A1 = {
						CreatedOnToolsVersion = 7.1;
					};
					22FE7E421BE100DA002B30A1 = {
						CreatedOnToolsVersion = 7.1;
						TestTargetID = 22FE7E291BE100DA002B30A1;
					};
					22FE7E4D1BE100DA002B30A1 = {
						CreatedOnToolsVersion = 7.1;
						TestTargetID = 22FE7E291BE100DA002B30A1;
					};
				};
			};
			buildConfigurationList = 22FE7E251BE100DA002B30A1 /* Build configuration list for PBXProject "shenyi 微博" */;
			compatibilityVersion = "Xcode 3.2";
			developmentRegion = English;
			hasScannedForEncodings = 0;
			knownRegions = (
				en,
				Base,
			);
			mainGroup = 22FE7E211BE100DA002B30A1;
			productRefGroup = 22FE7E2B1BE100DA002B30A1 /* Products */;
			projectDirPath = "";
			projectRoot = "";
			targets = (
				22FE7E291BE100DA002B30A1 /* shenyi 微博 */,
				22FE7E421BE100DA002B30A1 /* shenyi 微博Tests */,
				22FE7E4D1BE100DA002B30A1 /* shenyi 微博UITests */,
			);
		};
/* End PBXProject section */

/* Begin PBXResourcesBuildPhase section */
		22FE7E281BE100DA002B30A1 /* Resources */ = {
			isa = PBXResourcesBuildPhase;
			buildActionMask = 2147483647;
			files = (
				22FE7E3D1BE100DA002B30A1 /* LaunchScreen.storyboard in Resources */,
				22FE7E3A1BE100DA002B30A1 /* Assets.xcassets in Resources */,
			);
			runOnlyForDeploymentPostprocessing = 0;
		};
		22FE7E411BE100DA002B30A1 /* Resources */ = {
			isa = PBXResourcesBuildPhase;
			buildActionMask = 2147483647;
			files = (
			);
			runOnlyForDeploymentPostprocessing = 0;
		};
		22FE7E4C1BE100DA002B30A1 /* Resources */ = {
			isa = PBXResourcesBuildPhase;
			buildActionMask = 2147483647;
			files = (
			);
			runOnlyForDeploymentPostprocessing = 0;
		};
/* End PBXResourcesBuildPhase section */

/* Begin PBXSourcesBuildPhase section */
		22FE7E261BE100DA002B30A1 /* Sources */ = {
			isa = PBXSourcesBuildPhase;
			buildActionMask = 2147483647;
			files = (
				2204F1791BE9B46C004D93FE /* WBDiscoverViewController.m in Sources */,
				221441B61BE864D300DC2789 /* UIView+frame.m in Sources */,
				2289D5CA1BE784CA00D03EED /* WBbadgeView.m in Sources */,
				2204F1761BE9B458004D93FE /* WBMessageViewController.m in Sources */,
				22A872DE1BE3A1C800FB540D /* AppDelegate.m in Sources */,
				2204F1731BE9B441004D93FE /* WBProfileViewController.m in Sources */,
				2204F16D1BE9B1B7004D93FE /* WBNavigationController.m in Sources */,
				22A872DD1BE3A1C800FB540D /* WBTabBar.m in Sources */,
				2204F17C1BE9B481004D93FE /* WBHomeViewController.m in Sources */,
				2289D5C71BE7849900D03EED /* WBTabBarButton.m in Sources */,
				22A872DC1BE3A1C800FB540D /* WBTabBarController.m in Sources */,
				22A872E01BE3A1C800FB540D /* main.m in Sources */,
				22A872DF1BE3A1C800FB540D /* UIImage+WBimage.m in Sources */,
			);
			runOnlyForDeploymentPostprocessing = 0;
		};
		22FE7E3F1BE100DA002B30A1 /* Sources */ = {
			isa = PBXSourcesBuildPhase;
			buildActionMask = 2147483647;
			files = (
				22FE7E481BE100DA002B30A1 /* shenyi___Tests.m in Sources */,
			);
			runOnlyForDeploymentPostprocessing = 0;
		};
		22FE7E4A1BE100DA002B30A1 /* Sources */ = {
			isa = PBXSourcesBuildPhase;
			buildActionMask = 2147483647;
			files = (
				22FE7E531BE100DA002B30A1 /* shenyi___UITests.m in Sources */,
			);
			runOnlyForDeploymentPostprocessing = 0;
		};
/* End PBXSourcesBuildPhase section */

/* Begin PBXTargetDependency section */
		22FE7E451BE100DA002B30A1 /* PBXTargetDependency */ = {
			isa = PBXTargetDependency;
			target = 22FE7E291BE100DA002B30A1 /* shenyi 微博 */;
			targetProxy = 22FE7E441BE100DA002B30A1 /* PBXContainerItemProxy */;
		};
		22FE7E501BE100DA002B30A1 /* PBXTargetDependency */ = {
			isa = PBXTargetDependency;
			target = 22FE7E291BE100DA002B30A1 /* shenyi 微博 */;
			targetProxy = 22FE7E4F1BE100DA002B30A1 /* PBXContainerItemProxy */;
		};
/* End PBXTargetDependency section */

/* Begin PBXVariantGroup section */
		22FE7E3B1BE100DA002B30A1 /* LaunchScreen.storyboard */ = {
			isa = PBXVariantGroup;
			children = (
				22FE7E3C1BE100DA002B30A1 /* Base */,
			);
			name = LaunchScreen.storyboard;
			sourceTree = "<group>";
		};
/* End PBXVariantGroup section */

/* Begin XCBuildConfiguration section */
		22FE7E551BE100DA002B30A1 /* Debug */ = {
			isa = XCBuildConfiguration;
			buildSettings = {
				ALWAYS_SEARCH_USER_PATHS = NO;
				CLANG_CXX_LANGUAGE_STANDARD = "gnu++0x";
				CLANG_CXX_LIBRARY = "libc++";
				CLANG_ENABLE_MODULES = YES;
				CLANG_ENABLE_OBJC_ARC = YES;
				CLANG_WARN_BOOL_CONVERSION = YES;
				CLANG_WARN_CONSTANT_CONVERSION = YES;
				CLANG_WARN_DIRECT_OBJC_ISA_USAGE = YES_ERROR;
				CLANG_WARN_EMPTY_BODY = YES;
				CLANG_WARN_ENUM_CONVERSION = YES;
				CLANG_WARN_INT_CONVERSION = YES;
				CLANG_WARN_OBJC_ROOT_CLASS = YES_ERROR;
				CLANG_WARN_UNREACHABLE_CODE = YES;
				CLANG_WARN__DUPLICATE_METHOD_MATCH = YES;
				"CODE_SIGN_IDENTITY[sdk=iphoneos*]" = "iPhone Developer";
				COPY_PHASE_STRIP = NO;
				DEBUG_INFORMATION_FORMAT = dwarf;
				ENABLE_STRICT_OBJC_MSGSEND = YES;
				ENABLE_TESTABILITY = YES;
				GCC_C_LANGUAGE_STANDARD = gnu99;
				GCC_DYNAMIC_NO_PIC = NO;
				GCC_NO_COMMON_BLOCKS = YES;
				GCC_OPTIMIZATION_LEVEL = 0;
				GCC_PREPROCESSOR_DEFINITIONS = (
					"DEBUG=1",
					"$(inherited)",
				);
				GCC_WARN_64_TO_32_BIT_CONVERSION = YES;
				GCC_WARN_ABOUT_RETURN_TYPE = YES_ERROR;
				GCC_WARN_UNDECLARED_SELECTOR = YES;
				GCC_WARN_UNINITIALIZED_AUTOS = YES_AGGRESSIVE;
				GCC_WARN_UNUSED_FUNCTION = YES;
				GCC_WARN_UNUSED_VARIABLE = YES;
				IPHONEOS_DEPLOYMENT_TARGET = 9.1;
				MTL_ENABLE_DEBUG_INFO = YES;
				ONLY_ACTIVE_ARCH = YES;
				SDKROOT = iphoneos;
				TARGETED_DEVICE_FAMILY = "1,2";
			};
			name = Debug;
		};
		22FE7E561BE100DA002B30A1 /* Release */ = {
			isa = XCBuildConfiguration;
			buildSettings = {
				ALWAYS_SEARCH_USER_PATHS = NO;
				CLANG_CXX_LANGUAGE_STANDARD = "gnu++0x";
				CLANG_CXX_LIBRARY = "libc++";
				CLANG_ENABLE_MODULES = YES;
				CLANG_ENABLE_OBJC_ARC = YES;
				CLANG_WARN_BOOL_CONVERSION = YES;
				CLANG_WARN_CONSTANT_CONVERSION = YES;
				CLANG_WARN_DIRECT_OBJC_ISA_USAGE = YES_ERROR;
				CLANG_WARN_EMPTY_BODY = YES;
				CLANG_WARN_ENUM_CONVERSION = YES;
				CLANG_WARN_INT_CONVERSION = YES;
				CLANG_WARN_OBJC_ROOT_CLASS = YES_ERROR;
				CLANG_WARN_UNREACHABLE_CODE = YES;
				CLANG_WARN__DUPLICATE_METHOD_MATCH = YES;
				"CODE_SIGN_IDENTITY[sdk=iphoneos*]" = "iPhone Developer";
				COPY_PHASE_STRIP = NO;
				DEBUG_INFORMATION_FORMAT = "dwarf-with-dsym";
				ENABLE_NS_ASSERTIONS = NO;
				ENABLE_STRICT_OBJC_MSGSEND = YES;
				GCC_C_LANGUAGE_STANDARD = gnu99;
				GCC_NO_COMMON_BLOCKS = YES;
				GCC_WARN_64_TO_32_BIT_CONVERSION = YES;
				GCC_WARN_ABOUT_RETURN_TYPE = YES_ERROR;
				GCC_WARN_UNDECLARED_SELECTOR = YES;
				GCC_WARN_UNINITIALIZED_AUTOS = YES_AGGRESSIVE;
				GCC_WARN_UNUSED_FUNCTION = YES;
				GCC_WARN_UNUSED_VARIABLE = YES;
				IPHONEOS_DEPLOYMENT_TARGET = 9.1;
				MTL_ENABLE_DEBUG_INFO = NO;
				SDKROOT = iphoneos;
				TARGETED_DEVICE_FAMILY = "1,2";
				VALIDATE_PRODUCT = YES;
			};
			name = Release;
		};
		22FE7E581BE100DA002B30A1 /* Debug */ = {
			isa = XCBuildConfiguration;
			buildSettings = {
				ASSETCATALOG_COMPILER_APPICON_NAME = AppIcon;
				ASSETCATALOG_COMPILER_LAUNCHIMAGE_NAME = "Brand Assets";
				GCC_PREFIX_HEADER = "shenyi 微博/Classes/Other/WB.pch";
				INFOPLIST_FILE = "shenyi 微博/Info.plist";
				IPHONEOS_DEPLOYMENT_TARGET = 7.0;
				LD_RUNPATH_SEARCH_PATHS = "$(inherited) @executable_path/Frameworks";
				PRODUCT_BUNDLE_IDENTIFIER = "apple-jd30.shenyi---";
				PRODUCT_NAME = "shenyi 微博";
			};
			name = Debug;
		};
		22FE7E591BE100DA002B30A1 /* Release */ = {
			isa = XCBuildConfiguration;
			buildSettings = {
				ASSETCATALOG_COMPILER_APPICON_NAME = AppIcon;
				ASSETCATALOG_COMPILER_LAUNCHIMAGE_NAME = "Brand Assets";
				GCC_PREFIX_HEADER = "shenyi 微博/Classes/Other/WB.pch";
				INFOPLIST_FILE = "shenyi 微博/Info.plist";
				IPHONEOS_DEPLOYMENT_TARGET = 7.0;
				LD_RUNPATH_SEARCH_PATHS = "$(inherited) @executable_path/Frameworks";
				PRODUCT_BUNDLE_IDENTIFIER = "apple-jd30.shenyi---";
				PRODUCT_NAME = "shenyi 微博";
			};
			name = Release;
		};
		22FE7E5B1BE100DA002B30A1 /* Debug */ = {
			isa = XCBuildConfiguration;
			buildSettings = {
				BUNDLE_LOADER = "$(TEST_HOST)";
				INFOPLIST_FILE = "shenyi 微博Tests/Info.plist";
				LD_RUNPATH_SEARCH_PATHS = "$(inherited) @executable_path/Frameworks @loader_path/Frameworks";
				PRODUCT_BUNDLE_IDENTIFIER = "apple-jd30.shenyi---Tests";
				PRODUCT_NAME = "shenyi 微博";
				TEST_HOST = "$(BUILT_PRODUCTS_DIR)/shenyi 微博.app/shenyi 微博";
			};
			name = Debug;
		};
		22FE7E5C1BE100DA002B30A1 /* Release */ = {
			isa = XCBuildConfiguration;
			buildSettings = {
				BUNDLE_LOADER = "$(TEST_HOST)";
				INFOPLIST_FILE = "shenyi 微博Tests/Info.plist";
				LD_RUNPATH_SEARCH_PATHS = "$(inherited) @executable_path/Frameworks @loader_path/Frameworks";
				PRODUCT_BUNDLE_IDENTIFIER = "apple-jd30.shenyi---Tests";
				PRODUCT_NAME = "shenyi 微博";
				TEST_HOST = "$(BUILT_PRODUCTS_DIR)/shenyi 微博.app/shenyi 微博";
			};
			name = Release;
		};
		22FE7E5E1BE100DA002B30A1 /* Debug */ = {
			isa = XCBuildConfiguration;
			buildSettings = {
				INFOPLIST_FILE = "shenyi 微博UITests/Info.plist";
				LD_RUNPATH_SEARCH_PATHS = "$(inherited) @executable_path/Frameworks @loader_path/Frameworks";
				PRODUCT_BUNDLE_IDENTIFIER = "apple-jd30.shenyi---UITests";
				PRODUCT_NAME = "shenyi 微博";
				TEST_TARGET_NAME = "shenyi 微博";
				USES_XCTRUNNER = YES;
			};
			name = Debug;
		};
		22FE7E5F1BE100DA002B30A1 /* Release */ = {
			isa = XCBuildConfiguration;
			buildSettings = {
				INFOPLIST_FILE = "shenyi 微博UITests/Info.plist";
				LD_RUNPATH_SEARCH_PATHS = "$(inherited) @executable_path/Frameworks @loader_path/Frameworks";
				PRODUCT_BUNDLE_IDENTIFIER = "apple-jd30.shenyi---UITests";
				PRODUCT_NAME = "shenyi 微博";
				TEST_TARGET_NAME = "shenyi 微博";
				USES_XCTRUNNER = YES;
			};
			name = Release;
		};
/* End XCBuildConfiguration section */

/* Begin XCConfigurationList section */
		22FE7E251BE100DA002B30A1 /* Build configuration list for PBXProject "shenyi 微博" */ = {
			isa = XCConfigurationList;
			buildConfigurations = (
				22FE7E551BE100DA002B30A1 /* Debug */,
				22FE7E561BE100DA002B30A1 /* Release */,
			);
			defaultConfigurationIsVisible = 0;
			defaultConfigurationName = Release;
		};
		22FE7E571BE100DA002B30A1 /* Build configuration list for PBXNativeTarget "shenyi 微博" */ = {
			isa = XCConfigurationList;
			buildConfigurations = (
				22FE7E581BE100DA002B30A1 /* Debug */,
				22FE7E591BE100DA002B30A1 /* Release */,
			);
			defaultConfigurationIsVisible = 0;
			defaultConfigurationName = Release;
		};
		22FE7E5A1BE100DA002B30A1 /* Build configuration list for PBXNativeTarget "shenyi 微博Tests" */ = {
			isa = XCConfigurationList;
			buildConfigurations = (
				22FE7E5B1BE100DA002B30A1 /* Debug */,
				22FE7E5C1BE100DA002B30A1 /* Release */,
			);
			defaultConfigurationIsVisible = 0;
			defaultConfigurationName = Release;
		};
		22FE7E5D1BE100DA002B30A1 /* Build configuration list for PBXNativeTarget "shenyi 微博UITests" */ = {
			isa = XCConfigurationList;
			buildConfigurations = (
				22FE7E5E1BE100DA002B30A1 /* Debug */,
				22FE7E5F1BE100DA002B30A1 /* Release */,
			);
			defaultConfigurationIsVisible = 0;
			defaultConfigurationName = Release;
		};
/* End XCConfigurationList section */
	};
	rootObject = 22FE7E221BE100DA002B30A1 /* Project object */;
}
