// !$*UTF8*$!
{
	archiveVersion = 1;
	classes = {
	};
	objectVersion = 46;
	objects = {

/* Begin PBXBuildFile section */
		226F4F611BF17A3000AEE3F4 /* main.m in Sources */ = {isa = PBXBuildFile; fileRef = 226F4F601BF17A3000AEE3F4 /* main.m */; };
		226F4F641BF17A3000AEE3F4 /* AppDelegate.m in Sources */ = {isa = PBXBuildFile; fileRef = 226F4F631BF17A3000AEE3F4 /* AppDelegate.m */; };
		226F4F671BF17A3000AEE3F4 /* ViewController.m in Sources */ = {isa = PBXBuildFile; fileRef = 226F4F661BF17A3000AEE3F4 /* ViewController.m */; };
		226F4F6A1BF17A3000AEE3F4 /* Main.storyboard in Resources */ = {isa = PBXBuildFile; fileRef = 226F4F681BF17A3000AEE3F4 /* Main.storyboard */; };
		226F4F6C1BF17A3000AEE3F4 /* Assets.xcassets in Resources */ = {isa = PBXBuildFile; fileRef = 226F4F6B1BF17A3000AEE3F4 /* Assets.xcassets */; };
		226F4F6F1BF17A3000AEE3F4 /* LaunchScreen.storyboard in Resources */ = {isa = PBXBuildFile; fileRef = 226F4F6D1BF17A3000AEE3F4 /* LaunchScreen.storyboard */; };
		226F4F7A1BF17BD900AEE3F4 /* File.strings in Resources */ = {isa = PBXBuildFile; fileRef = 226F4F7C1BF17BD900AEE3F4 /* File.strings */; };
		226F4F811BF17E6A00AEE3F4 /* Localizable.strings in Resources */ = {isa = PBXBuildFile; fileRef = 226F4F831BF17E6A00AEE3F4 /* Localizable.strings */; };
		226F4F8B1BF1924E00AEE3F4 /* infoPlist.strings in Resources */ = {isa = PBXBuildFile; fileRef = 226F4F8D1BF1924E00AEE3F4 /* infoPlist.strings */; };
/* End PBXBuildFile section */

/* Begin PBXFileReference section */
		226F4F5C1BF17A3000AEE3F4 /* day-24-international.app */ = {isa = PBXFileReference; explicitFileType = wrapper.application; includeInIndex = 0; path = "day-24-international.app"; sourceTree = BUILT_PRODUCTS_DIR; };
		226F4F601BF17A3000AEE3F4 /* main.m */ = {isa = PBXFileReference; lastKnownFileType = sourcecode.c.objc; path = main.m; sourceTree = "<group>"; };
		226F4F621BF17A3000AEE3F4 /* AppDelegate.h */ = {isa = PBXFileReference; lastKnownFileType = sourcecode.c.h; path = AppDelegate.h; sourceTree = "<group>"; };
		226F4F631BF17A3000AEE3F4 /* AppDelegate.m */ = {isa = PBXFileReference; lastKnownFileType = sourcecode.c.objc; path = AppDelegate.m; sourceTree = "<group>"; };
		226F4F651BF17A3000AEE3F4 /* ViewController.h */ = {isa = PBXFileReference; lastKnownFileType = sourcecode.c.h; path = ViewController.h; sourceTree = "<group>"; };
		226F4F661BF17A3000AEE3F4 /* ViewController.m */ = {isa = PBXFileReference; lastKnownFileType = sourcecode.c.objc; path = ViewController.m; sourceTree = "<group>"; };
		226F4F691BF17A3000AEE3F4 /* Base */ = {isa = PBXFileReference; lastKnownFileType = file.storyboard; name = Base; path = Base.lproj/Main.storyboard; sourceTree = "<group>"; };
		226F4F6B1BF17A3000AEE3F4 /* Assets.xcassets */ = {isa = PBXFileReference; lastKnownFileType = folder.assetcatalog; path = Assets.xcassets; sourceTree = "<group>"; };
		226F4F6E1BF17A3000AEE3F4 /* Base */ = {isa = PBXFileReference; lastKnownFileType = file.storyboard; name = Base; path = Base.lproj/LaunchScreen.storyboard; sourceTree = "<group>"; };
		226F4F701BF17A3000AEE3F4 /* Info.plist */ = {isa = PBXFileReference; lastKnownFileType = text.plist.xml; path = Info.plist; sourceTree = "<group>"; };
		226F4F761BF17AF300AEE3F4 /* zh-Hans */ = {isa = PBXFileReference; lastKnownFileType = text.plist.strings; name = "zh-Hans"; path = "zh-Hans.lproj/Main.strings"; sourceTree = "<group>"; };
		226F4F771BF17AF300AEE3F4 /* zh-Hans */ = {isa = PBXFileReference; lastKnownFileType = text.plist.strings; name = "zh-Hans"; path = "zh-Hans.lproj/LaunchScreen.strings"; sourceTree = "<group>"; };
		226F4F7B1BF17BD900AEE3F4 /* Base */ = {isa = PBXFileReference; lastKnownFileType = text.plist.strings; name = Base; path = Base.lproj/File.strings; sourceTree = "<group>"; };
		226F4F7D1BF17BF800AEE3F4 /* en */ = {isa = PBXFileReference; lastKnownFileType = text.plist.strings; name = en; path = en.lproj/File.strings; sourceTree = "<group>"; };
		226F4F7E1BF17BF900AEE3F4 /* zh-Hans */ = {isa = PBXFileReference; lastKnownFileType = text.plist.strings; name = "zh-Hans"; path = "zh-Hans.lproj/File.strings"; sourceTree = "<group>"; };
		226F4F821BF17E6A00AEE3F4 /* Base */ = {isa = PBXFileReference; lastKnownFileType = text.plist.strings; name = Base; path = Base.lproj/Localizable.strings; sourceTree = "<group>"; };
		226F4F841BF17E6B00AEE3F4 /* en */ = {isa = PBXFileReference; lastKnownFileType = text.plist.strings; name = en; path = en.lproj/Localizable.strings; sourceTree = "<group>"; };
		226F4F851BF17E6C00AEE3F4 /* zh-Hans */ = {isa = PBXFileReference; lastKnownFileType = text.plist.strings; name = "zh-Hans"; path = "zh-Hans.lproj/Localizable.strings"; sourceTree = "<group>"; };
		226F4F8C1BF1924E00AEE3F4 /* Base */ = {isa = PBXFileReference; lastKnownFileType = text.plist.strings; name = Base; path = Base.lproj/infoPlist.strings; sourceTree = "<group>"; };
		226F4F8E1BF1925300AEE3F4 /* en */ = {isa = PBXFileReference; lastKnownFileType = text.plist.strings; name = en; path = en.lproj/infoPlist.strings; sourceTree = "<group>"; };
		226F4F8F1BF1925300AEE3F4 /* zh-Hans */ = {isa = PBXFileReference; lastKnownFileType = text.plist.strings; name = "zh-Hans"; path = "zh-Hans.lproj/infoPlist.strings"; sourceTree = "<group>"; };
/* End PBXFileReference section */

/* Begin PBXFrameworksBuildPhase section */
		226F4F591BF17A3000AEE3F4 /* Frameworks */ = {
			isa = PBXFrameworksBuildPhase;
			buildActionMask = 2147483647;
			files = (
			);
			runOnlyForDeploymentPostprocessing = 0;
		};
/* End PBXFrameworksBuildPhase section */

/* Begin PBXGroup section */
		226F4F531BF17A3000AEE3F4 = {
			isa = PBXGroup;
			children = (
				226F4F5E1BF17A3000AEE3F4 /* day-24-international */,
				226F4F5D1BF17A3000AEE3F4 /* Products */,
			);
			sourceTree = "<group>";
		};
		226F4F5D1BF17A3000AEE3F4 /* Products */ = {
			isa = PBXGroup;
			children = (
				226F4F5C1BF17A3000AEE3F4 /* day-24-international.app */,
			);
			name = Products;
			sourceTree = "<group>";
		};
		226F4F5E1BF17A3000AEE3F4 /* day-24-international */ = {
			isa = PBXGroup;
			children = (
				226F4F621BF17A3000AEE3F4 /* AppDelegate.h */,
				226F4F631BF17A3000AEE3F4 /* AppDelegate.m */,
				226F4F651BF17A3000AEE3F4 /* ViewController.h */,
				226F4F661BF17A3000AEE3F4 /* ViewController.m */,
				226F4F8D1BF1924E00AEE3F4 /* infoPlist.strings */,
				226F4F831BF17E6A00AEE3F4 /* Localizable.strings */,
				226F4F7C1BF17BD900AEE3F4 /* File.strings */,
				226F4F681BF17A3000AEE3F4 /* Main.storyboard */,
				226F4F6B1BF17A3000AEE3F4 /* Assets.xcassets */,
				226F4F6D1BF17A3000AEE3F4 /* LaunchScreen.storyboard */,
				226F4F701BF17A3000AEE3F4 /* Info.plist */,
				226F4F5F1BF17A3000AEE3F4 /* Supporting Files */,
			);
			path = "day-24-international";
			sourceTree = "<group>";
		};
		226F4F5F1BF17A3000AEE3F4 /* Supporting Files */ = {
			isa = PBXGroup;
			children = (
				226F4F601BF17A3000AEE3F4 /* main.m */,
			);
			name = "Supporting Files";
			sourceTree = "<group>";
		};
/* End PBXGroup section */

/* Begin PBXNativeTarget section */
		226F4F5B1BF17A3000AEE3F4 /* day-24-international */ = {
			isa = PBXNativeTarget;
			buildConfigurationList = 226F4F731BF17A3000AEE3F4 /* Build configuration list for PBXNativeTarget "day-24-international" */;
			buildPhases = (
				226F4F581BF17A3000AEE3F4 /* Sources */,
				226F4F591BF17A3000AEE3F4 /* Frameworks */,
				226F4F5A1BF17A3000AEE3F4 /* Resources */,
			);
			buildRules = (
			);
			dependencies = (
			);
			name = "day-24-international";
			productName = "day-24-international";
			productReference = 226F4F5C1BF17A3000AEE3F4 /* day-24-international.app */;
			productType = "com.apple.product-type.application";
		};
/* End PBXNativeTarget section */

/* Begin PBXProject section */
		226F4F541BF17A3000AEE3F4 /* Project object */ = {
			isa = PBXProject;
			attributes = {
				LastUpgradeCheck = 0710;
				ORGANIZATIONNAME = "apple-jd30";
				TargetAttributes = {
					226F4F5B1BF17A3000AEE3F4 = {
						CreatedOnToolsVersion = 7.1;
					};
				};
			};
			buildConfigurationList = 226F4F571BF17A3000AEE3F4 /* Build configuration list for PBXProject "day-24-international" */;
			compatibilityVersion = "Xcode 3.2";
			developmentRegion = English;
			hasScannedForEncodings = 0;
			knownRegions = (
				en,
				Base,
				"zh-Hans",
			);
			mainGroup = 226F4F531BF17A3000AEE3F4;
			productRefGroup = 226F4F5D1BF17A3000AEE3F4 /* Products */;
			projectDirPath = "";
			projectRoot = "";
			targets = (
				226F4F5B1BF17A3000AEE3F4 /* day-24-international */,
			);
		};
/* End PBXProject section */

/* Begin PBXResourcesBuildPhase section */
		226F4F5A1BF17A3000AEE3F4 /* Resources */ = {
			isa = PBXResourcesBuildPhase;
			buildActionMask = 2147483647;
			files = (
				226F4F811BF17E6A00AEE3F4 /* Localizable.strings in Resources */,
				226F4F7A1BF17BD900AEE3F4 /* File.strings in Resources */,
				226F4F6F1BF17A3000AEE3F4 /* LaunchScreen.storyboard in Resources */,
				226F4F6C1BF17A3000AEE3F4 /* Assets.xcassets in Resources */,
				226F4F6A1BF17A3000AEE3F4 /* Main.storyboard in Resources */,
				226F4F8B1BF1924E00AEE3F4 /* infoPlist.strings in Resources */,
			);
			runOnlyForDeploymentPostprocessing = 0;
		};
/* End PBXResourcesBuildPhase section */

/* Begin PBXSourcesBuildPhase section */
		226F4F581BF17A3000AEE3F4 /* Sources */ = {
			isa = PBXSourcesBuildPhase;
			buildActionMask = 2147483647;
			files = (
				226F4F671BF17A3000AEE3F4 /* ViewController.m in Sources */,
				226F4F641BF17A3000AEE3F4 /* AppDelegate.m in Sources */,
				226F4F611BF17A3000AEE3F4 /* main.m in Sources */,
			);
			runOnlyForDeploymentPostprocessing = 0;
		};
/* End PBXSourcesBuildPhase section */

/* Begin PBXVariantGroup section */
		226F4F681BF17A3000AEE3F4 /* Main.storyboard */ = {
			isa = PBXVariantGroup;
			children = (
				226F4F691BF17A3000AEE3F4 /* Base */,
				226F4F761BF17AF300AEE3F4 /* zh-Hans */,
			);
			name = Main.storyboard;
			sourceTree = "<group>";
		};
		226F4F6D1BF17A3000AEE3F4 /* LaunchScreen.storyboard */ = {
			isa = PBXVariantGroup;
			children = (
				226F4F6E1BF17A3000AEE3F4 /* Base */,
				226F4F771BF17AF300AEE3F4 /* zh-Hans */,
			);
			name = LaunchScreen.storyboard;
			sourceTree = "<group>";
		};
		226F4F7C1BF17BD900AEE3F4 /* File.strings */ = {
			isa = PBXVariantGroup;
			children = (
				226F4F7B1BF17BD900AEE3F4 /* Base */,
				226F4F7D1BF17BF800AEE3F4 /* en */,
				226F4F7E1BF17BF900AEE3F4 /* zh-Hans */,
			);
			name = File.strings;
			sourceTree = "<group>";
		};
		226F4F831BF17E6A00AEE3F4 /* Localizable.strings */ = {
			isa = PBXVariantGroup;
			children = (
				226F4F821BF17E6A00AEE3F4 /* Base */,
				226F4F841BF17E6B00AEE3F4 /* en */,
				226F4F851BF17E6C00AEE3F4 /* zh-Hans */,
			);
			name = Localizable.strings;
			sourceTree = "<group>";
		};
		226F4F8D1BF1924E00AEE3F4 /* infoPlist.strings */ = {
			isa = PBXVariantGroup;
			children = (
				226F4F8C1BF1924E00AEE3F4 /* Base */,
				226F4F8E1BF1925300AEE3F4 /* en */,
				226F4F8F1BF1925300AEE3F4 /* zh-Hans */,
			);
			name = infoPlist.strings;
			sourceTree = "<group>";
		};
/* End PBXVariantGroup section */

/* Begin XCBuildConfiguration section */
		226F4F711BF17A3000AEE3F4 /* Debug */ = {
			isa = XCBuildConfiguration;
			buildSettings = {
				ALWAYS_SEARCH_USER_PATHS = NO;
				CLANG_CXX_LANGUAGE_STANDARD = "gnu++0x";
				CLANG_CXX_LIBRARY = "libc++";
				CLANG_ENABLE_MODULES = YES;
				CLANG_ENABLE_OBJC_ARC = YES;
				CLANG_WARN_BOOL_CONVERSION = YES;
				CLANG_WARN_CONSTANT_CONVERSION = YES;
				CLANG_WARN_DIRECT_OBJC_ISA_USAGE = YES_ERROR;
				CLANG_WARN_EMPTY_BODY = YES;
				CLANG_WARN_ENUM_CONVERSION = YES;
				CLANG_WARN_INT_CONVERSION = YES;
				CLANG_WARN_OBJC_ROOT_CLASS = YES_ERROR;
				CLANG_WARN_UNREACHABLE_CODE = YES;
				CLANG_WARN__DUPLICATE_METHOD_MATCH = YES;
				"CODE_SIGN_IDENTITY[sdk=iphoneos*]" = "iPhone Developer";
				COPY_PHASE_STRIP = NO;
				DEBUG_INFORMATION_FORMAT = dwarf;
				ENABLE_STRICT_OBJC_MSGSEND = YES;
				ENABLE_TESTABILITY = YES;
				GCC_C_LANGUAGE_STANDARD = gnu99;
				GCC_DYNAMIC_NO_PIC = NO;
				GCC_NO_COMMON_BLOCKS = YES;
				GCC_OPTIMIZATION_LEVEL = 0;
				GCC_PREPROCESSOR_DEFINITIONS = (
					"DEBUG=1",
					"$(inherited)",
				);
				GCC_WARN_64_TO_32_BIT_CONVERSION = YES;
				GCC_WARN_ABOUT_RETURN_TYPE = YES_ERROR;
				GCC_WARN_UNDECLARED_SELECTOR = YES;
				GCC_WARN_UNINITIALIZED_AUTOS = YES_AGGRESSIVE;
				GCC_WARN_UNUSED_FUNCTION = YES;
				GCC_WARN_UNUSED_VARIABLE = YES;
				IPHONEOS_DEPLOYMENT_TARGET = 9.1;
				MTL_ENABLE_DEBUG_INFO = YES;
				ONLY_ACTIVE_ARCH = YES;
				SDKROOT = iphoneos;
			};
			name = Debug;
		};
		226F4F721BF17A3000AEE3F4 /* Release */ = {
			isa = XCBuildConfiguration;
			buildSettings = {
				ALWAYS_SEARCH_USER_PATHS = NO;
				CLANG_CXX_LANGUAGE_STANDARD = "gnu++0x";
				CLANG_CXX_LIBRARY = "libc++";
				CLANG_ENABLE_MODULES = YES;
				CLANG_ENABLE_OBJC_ARC = YES;
				CLANG_WARN_BOOL_CONVERSION = YES;
				CLANG_WARN_CONSTANT_CONVERSION = YES;
				CLANG_WARN_DIRECT_OBJC_ISA_USAGE = YES_ERROR;
				CLANG_WARN_EMPTY_BODY = YES;
				CLANG_WARN_ENUM_CONVERSION = YES;
				CLANG_WARN_INT_CONVERSION = YES;
				CLANG_WARN_OBJC_ROOT_CLASS = YES_ERROR;
				CLANG_WARN_UNREACHABLE_CODE = YES;
				CLANG_WARN__DUPLICATE_METHOD_MATCH = YES;
				"CODE_SIGN_IDENTITY[sdk=iphoneos*]" = "iPhone Developer";
				COPY_PHASE_STRIP = NO;
				DEBUG_INFORMATION_FORMAT = "dwarf-with-dsym";
				ENABLE_NS_ASSERTIONS = NO;
				ENABLE_STRICT_OBJC_MSGSEND = YES;
				GCC_C_LANGUAGE_STANDARD = gnu99;
				GCC_NO_COMMON_BLOCKS = YES;
				GCC_WARN_64_TO_32_BIT_CONVERSION = YES;
				GCC_WARN_ABOUT_RETURN_TYPE = YES_ERROR;
				GCC_WARN_UNDECLARED_SELECTOR = YES;
				GCC_WARN_UNINITIALIZED_AUTOS = YES_AGGRESSIVE;
				GCC_WARN_UNUSED_FUNCTION = YES;
				GCC_WARN_UNUSED_VARIABLE = YES;
				IPHONEOS_DEPLOYMENT_TARGET = 9.1;
				MTL_ENABLE_DEBUG_INFO = NO;
				SDKROOT = iphoneos;
				VALIDATE_PRODUCT = YES;
			};
			name = Release;
		};
		226F4F741BF17A3000AEE3F4 /* Debug */ = {
			isa = XCBuildConfiguration;
			buildSettings = {
				ASSETCATALOG_COMPILER_APPICON_NAME = AppIcon;
				INFOPLIST_FILE = "day-24-international/Info.plist";
				LD_RUNPATH_SEARCH_PATHS = "$(inherited) @executable_path/Frameworks";
				PRODUCT_BUNDLE_IDENTIFIER = "apple-jd30.day-24-international";
				PRODUCT_NAME = "$(TARGET_NAME)";
			};
			name = Debug;
		};
		226F4F751BF17A3000AEE3F4 /* Release */ = {
			isa = XCBuildConfiguration;
			buildSettings = {
				ASSETCATALOG_COMPILER_APPICON_NAME = AppIcon;
				INFOPLIST_FILE = "day-24-international/Info.plist";
				LD_RUNPATH_SEARCH_PATHS = "$(inherited) @executable_path/Frameworks";
				PRODUCT_BUNDLE_IDENTIFIER = "apple-jd30.day-24-international";
				PRODUCT_NAME = "$(TARGET_NAME)";
			};
			name = Release;
		};
/* End XCBuildConfiguration section */

/* Begin XCConfigurationList section */
		226F4F571BF17A3000AEE3F4 /* Build configuration list for PBXProject "day-24-international" */ = {
			isa = XCConfigurationList;
			buildConfigurations = (
				226F4F711BF17A3000AEE3F4 /* Debug */,
				226F4F721BF17A3000AEE3F4 /* Release */,
			);
			defaultConfigurationIsVisible = 0;
			defaultConfigurationName = Release;
		};
		226F4F731BF17A3000AEE3F4 /* Build configuration list for PBXNativeTarget "day-24-international" */ = {
			isa = XCConfigurationList;
			buildConfigurations = (
				226F4F741BF17A3000AEE3F4 /* Debug */,
				226F4F751BF17A3000AEE3F4 /* Release */,
			);
			defaultConfigurationIsVisible = 0;
			defaultConfigurationName = Release;
		};
/* End XCConfigurationList section */
	};
	rootObject = 226F4F541BF17A3000AEE3F4 /* Project object */;
}
